
Microsoft Visual Studio Solution File, Format Version 12.00
# Visual Studio Version 17
VisualStudioVersion = 17.7.34031.279
MinimumVisualStudioVersion = 10.0.40219.1
Project("{FAE04EC0-301F-11D3-BF4B-00C04F79EFBC}") = "BeehiveManagementSystem", "BeehiveManagementSystem\BeehiveManagementSystem.csproj", "{CAAC5126-BB08-4B5E-8455-95D5CE1CA859}"
EndProject
Global
	GlobalSection(SolutionConfigurationPlatforms) = preSolution
		Debug|Any CPU = Debug|Any CPU
		Release|Any CPU = Release|Any CPU
	EndGlobalSection
	GlobalSection(ProjectConfigurationPlatforms) = postSolution
		{CAAC5126-BB08-4B5E-8455-95D5CE1CA859}.Debug|Any CPU.ActiveCfg = Debug|Any CPU
		{CAAC5126-BB08-4B5E-8455-95D5CE1CA859}.Debug|Any CPU.Build.0 = Debug|Any CPU
		{CAAC5126-BB08-4B5E-8455-95D5CE1CA859}.Release|Any CPU.ActiveCfg = Release|Any CPU
		{CAAC5126-BB08-4B5E-8455-95D5CE1CA859}.Release|Any CPU.Build.0 = Release|Any CPU
	EndGlobalSection
	GlobalSection(SolutionProperties) = preSolution
		HideSolutionNode = FALSE
	EndGlobalSection
	GlobalSection(ExtensibilityGlobals) = postSolution
		SolutionGuid = {84DF456A-87B4-4033-8AD5-A95065883B6F}
	EndGlobalSection
EndGlobal
